
Microsoft Visual Studio Solution File, Format Version 12.00
# Visual Studio Version 17
VisualStudioVersion = 17.6.33712.159
MinimumVisualStudioVersion = 10.0.40219.1
Project("{FAE04EC0-301F-11D3-BF4B-00C04F79EFBC}") = "pipe-test", "pipe-test\pipe-test.csproj", "{6EDCEC8E-E439-49CD-8C0D-98B5D2411C32}"
EndProject
Global
	GlobalSection(SolutionConfigurationPlatforms) = preSolution
		Debug|Any CPU = Debug|Any CPU
		Release|Any CPU = Release|Any CPU
	EndGlobalSection
	GlobalSection(ProjectConfigurationPlatforms) = postSolution
		{6EDCEC8E-E439-49CD-8C0D-98B5D2411C32}.Debug|Any CPU.ActiveCfg = Debug|Any CPU
		{6EDCEC8E-E439-49CD-8C0D-98B5D2411C32}.Debug|Any CPU.Build.0 = Debug|Any CPU
		{6EDCEC8E-E439-49CD-8C0D-98B5D2411C32}.Release|Any CPU.ActiveCfg = Release|Any CPU
		{6EDCEC8E-E439-49CD-8C0D-98B5D2411C32}.Release|Any CPU.Build.0 = Release|Any CPU
	EndGlobalSection
	GlobalSection(SolutionProperties) = preSolution
		HideSolutionNode = FALSE
	EndGlobalSection
	GlobalSection(ExtensibilityGlobals) = postSolution
		SolutionGuid = {272E3BDA-4A0E-4B68-ADBE-0D38CB783CF3}
	EndGlobalSection
EndGlobal
